// !$*UTF8*$!
{
	archiveVersion = 1;
	classes = {
	};
	objectVersion = 50;
	objects = {

/* Begin PBXBuildFile section */
		9BC25D6D24E0DE83006D9384 /* AppDelegate.m in Sources */ = {isa = PBXBuildFile; fileRef = 9BC25D6C24E0DE83006D9384 /* AppDelegate.m */; };
		9BC25D7024E0DE83006D9384 /* SceneDelegate.m in Sources */ = {isa = PBXBuildFile; fileRef = 9BC25D6F24E0DE83006D9384 /* SceneDelegate.m */; };
		9BC25D7324E0DE83006D9384 /* ViewController.m in Sources */ = {isa = PBXBuildFile; fileRef = 9BC25D7224E0DE83006D9384 /* ViewController.m */; };
		9BC25D7624E0DE83006D9384 /* Main.storyboard in Resources */ = {isa = PBXBuildFile; fileRef = 9BC25D7424E0DE83006D9384 /* Main.storyboard */; };
		9BC25D7824E0DE83006D9384 /* Assets.xcassets in Resources */ = {isa = PBXBuildFile; fileRef = 9BC25D7724E0DE83006D9384 /* Assets.xcassets */; };
		9BC25D7B24E0DE83006D9384 /* LaunchScreen.storyboard in Resources */ = {isa = PBXBuildFile; fileRef = 9BC25D7924E0DE83006D9384 /* LaunchScreen.storyboard */; };
		9BC25D7E24E0DE83006D9384 /* main.m in Sources */ = {isa = PBXBuildFile; fileRef = 9BC25D7D24E0DE83006D9384 /* main.m */; };
		9BC25D9424E0E3EA006D9384 /* GGError.m in Sources */ = {isa = PBXBuildFile; fileRef = 9BC25D8E24E0E3EA006D9384 /* GGError.m */; };
		9BC25D9524E0E3EA006D9384 /* GGMutipeer.m in Sources */ = {isa = PBXBuildFile; fileRef = 9BC25D9324E0E3EA006D9384 /* GGMutipeer.m */; };
/* End PBXBuildFile section */

/* Begin PBXFileReference section */
		9BC25D6824E0DE83006D9384 /* GGMutipeerKitDemo.app */ = {isa = PBXFileReference; explicitFileType = wrapper.application; includeInIndex = 0; path = GGMutipeerKitDemo.app; sourceTree = BUILT_PRODUCTS_DIR; };
		9BC25D6B24E0DE83006D9384 /* AppDelegate.h */ = {isa = PBXFileReference; lastKnownFileType = sourcecode.c.h; path = AppDelegate.h; sourceTree = "<group>"; };
		9BC25D6C24E0DE83006D9384 /* AppDelegate.m */ = {isa = PBXFileReference; lastKnownFileType = sourcecode.c.objc; path = AppDelegate.m; sourceTree = "<group>"; };
		9BC25D6E24E0DE83006D9384 /* SceneDelegate.h */ = {isa = PBXFileReference; lastKnownFileType = sourcecode.c.h; path = SceneDelegate.h; sourceTree = "<group>"; };
		9BC25D6F24E0DE83006D9384 /* SceneDelegate.m */ = {isa = PBXFileReference; lastKnownFileType = sourcecode.c.objc; path = SceneDelegate.m; sourceTree = "<group>"; };
		9BC25D7124E0DE83006D9384 /* ViewController.h */ = {isa = PBXFileReference; lastKnownFileType = sourcecode.c.h; path = ViewController.h; sourceTree = "<group>"; };
		9BC25D7224E0DE83006D9384 /* ViewController.m */ = {isa = PBXFileReference; lastKnownFileType = sourcecode.c.objc; path = ViewController.m; sourceTree = "<group>"; };
		9BC25D7524E0DE83006D9384 /* Base */ = {isa = PBXFileReference; lastKnownFileType = file.storyboard; name = Base; path = Base.lproj/Main.storyboard; sourceTree = "<group>"; };
		9BC25D7724E0DE83006D9384 /* Assets.xcassets */ = {isa = PBXFileReference; lastKnownFileType = folder.assetcatalog; path = Assets.xcassets; sourceTree = "<group>"; };
		9BC25D7A24E0DE83006D9384 /* Base */ = {isa = PBXFileReference; lastKnownFileType = file.storyboard; name = Base; path = Base.lproj/LaunchScreen.storyboard; sourceTree = "<group>"; };
		9BC25D7C24E0DE83006D9384 /* Info.plist */ = {isa = PBXFileReference; lastKnownFileType = text.plist.xml; path = Info.plist; sourceTree = "<group>"; };
		9BC25D7D24E0DE83006D9384 /* main.m */ = {isa = PBXFileReference; lastKnownFileType = sourcecode.c.objc; path = main.m; sourceTree = "<group>"; };
		9BC25D8E24E0E3EA006D9384 /* GGError.m */ = {isa = PBXFileReference; fileEncoding = 4; lastKnownFileType = sourcecode.c.objc; path = GGError.m; sourceTree = "<group>"; };
		9BC25D8F24E0E3EA006D9384 /* GGMutipeer.h */ = {isa = PBXFileReference; fileEncoding = 4; lastKnownFileType = sourcecode.c.h; path = GGMutipeer.h; sourceTree = "<group>"; };
		9BC25D9024E0E3EA006D9384 /* GGMarcos.h */ = {isa = PBXFileReference; fileEncoding = 4; lastKnownFileType = sourcecode.c.h; path = GGMarcos.h; sourceTree = "<group>"; };
		9BC25D9124E0E3EA006D9384 /* GGError.h */ = {isa = PBXFileReference; fileEncoding = 4; lastKnownFileType = sourcecode.c.h; path = GGError.h; sourceTree = "<group>"; };
		9BC25D9224E0E3EA006D9384 /* GGMutipeerKit.h */ = {isa = PBXFileReference; fileEncoding = 4; lastKnownFileType = sourcecode.c.h; path = GGMutipeerKit.h; sourceTree = "<group>"; };
		9BC25D9324E0E3EA006D9384 /* GGMutipeer.m */ = {isa = PBXFileReference; fileEncoding = 4; lastKnownFileType = sourcecode.c.objc; path = GGMutipeer.m; sourceTree = "<group>"; };
/* End PBXFileReference section */

/* Begin PBXFrameworksBuildPhase section */
		9BC25D6524E0DE83006D9384 /* Frameworks */ = {
			isa = PBXFrameworksBuildPhase;
			buildActionMask = 2147483647;
			files = (
			);
			runOnlyForDeploymentPostprocessing = 0;
		};
/* End PBXFrameworksBuildPhase section */

/* Begin PBXGroup section */
		9BC25D5F24E0DE83006D9384 = {
			isa = PBXGroup;
			children = (
				9BC25D8D24E0E3EA006D9384 /* GGMutipeerKit */,
				9BC25D6A24E0DE83006D9384 /* GGMutipeerKitDemo */,
				9BC25D6924E0DE83006D9384 /* Products */,
			);
			sourceTree = "<group>";
		};
		9BC25D6924E0DE83006D9384 /* Products */ = {
			isa = PBXGroup;
			children = (
				9BC25D6824E0DE83006D9384 /* GGMutipeerKitDemo.app */,
			);
			name = Products;
			sourceTree = "<group>";
		};
		9BC25D6A24E0DE83006D9384 /* GGMutipeerKitDemo */ = {
			isa = PBXGroup;
			children = (
				9BC25D6B24E0DE83006D9384 /* AppDelegate.h */,
				9BC25D6C24E0DE83006D9384 /* AppDelegate.m */,
				9BC25D6E24E0DE83006D9384 /* SceneDelegate.h */,
				9BC25D6F24E0DE83006D9384 /* SceneDelegate.m */,
				9BC25D7124E0DE83006D9384 /* ViewController.h */,
				9BC25D7224E0DE83006D9384 /* ViewController.m */,
				9BC25D7424E0DE83006D9384 /* Main.storyboard */,
				9BC25D7724E0DE83006D9384 /* Assets.xcassets */,
				9BC25D7924E0DE83006D9384 /* LaunchScreen.storyboard */,
				9BC25D7C24E0DE83006D9384 /* Info.plist */,
				9BC25D7D24E0DE83006D9384 /* main.m */,
			);
			path = GGMutipeerKitDemo;
			sourceTree = "<group>";
		};
		9BC25D8D24E0E3EA006D9384 /* GGMutipeerKit */ = {
			isa = PBXGroup;
			children = (
				9BC25D9224E0E3EA006D9384 /* GGMutipeerKit.h */,
				9BC25D8F24E0E3EA006D9384 /* GGMutipeer.h */,
				9BC25D9324E0E3EA006D9384 /* GGMutipeer.m */,
				9BC25D9124E0E3EA006D9384 /* GGError.h */,
				9BC25D8E24E0E3EA006D9384 /* GGError.m */,
				9BC25D9024E0E3EA006D9384 /* GGMarcos.h */,
			);
			name = GGMutipeerKit;
			path = ../GGMutipeerKit;
			sourceTree = "<group>";
		};
/* End PBXGroup section */

/* Begin PBXNativeTarget section */
		9BC25D6724E0DE83006D9384 /* GGMutipeerKitDemo */ = {
			isa = PBXNativeTarget;
			buildConfigurationList = 9BC25D8124E0DE83006D9384 /* Build configuration list for PBXNativeTarget "GGMutipeerKitDemo" */;
			buildPhases = (
				9BC25D6424E0DE83006D9384 /* Sources */,
				9BC25D6524E0DE83006D9384 /* Frameworks */,
				9BC25D6624E0DE83006D9384 /* Resources */,
			);
			buildRules = (
			);
			dependencies = (
			);
			name = GGMutipeerKitDemo;
			productName = GGMutipeerKitDemo;
			productReference = 9BC25D6824E0DE83006D9384 /* GGMutipeerKitDemo.app */;
			productType = "com.apple.product-type.application";
		};
/* End PBXNativeTarget section */

/* Begin PBXProject section */
		9BC25D6024E0DE83006D9384 /* Project object */ = {
			isa = PBXProject;
			attributes = {
				LastUpgradeCheck = 1140;
				ORGANIZATIONNAME = marsung;
				TargetAttributes = {
					9BC25D6724E0DE83006D9384 = {
						CreatedOnToolsVersion = 11.4.1;
					};
				};
			};
			buildConfigurationList = 9BC25D6324E0DE83006D9384 /* Build configuration list for PBXProject "GGMutipeerKitDemo" */;
			compatibilityVersion = "Xcode 9.3";
			developmentRegion = en;
			hasScannedForEncodings = 0;
			knownRegions = (
				en,
				Base,
			);
			mainGroup = 9BC25D5F24E0DE83006D9384;
			productRefGroup = 9BC25D6924E0DE83006D9384 /* Products */;
			projectDirPath = "";
			projectRoot = "";
			targets = (
				9BC25D6724E0DE83006D9384 /* GGMutipeerKitDemo */,
			);
		};
/* End PBXProject section */

/* Begin PBXResourcesBuildPhase section */
		9BC25D6624E0DE83006D9384 /* Resources */ = {
			isa = PBXResourcesBuildPhase;
			buildActionMask = 2147483647;
			files = (
				9BC25D7B24E0DE83006D9384 /* LaunchScreen.storyboard in Resources */,
				9BC25D7824E0DE83006D9384 /* Assets.xcassets in Resources */,
				9BC25D7624E0DE83006D9384 /* Main.storyboard in Resources */,
			);
			runOnlyForDeploymentPostprocessing = 0;
		};
/* End PBXResourcesBuildPhase section */

/* Begin PBXSourcesBuildPhase section */
		9BC25D6424E0DE83006D9384 /* Sources */ = {
			isa = PBXSourcesBuildPhase;
			buildActionMask = 2147483647;
			files = (
				9BC25D7324E0DE83006D9384 /* ViewController.m in Sources */,
				9BC25D9424E0E3EA006D9384 /* GGError.m in Sources */,
				9BC25D9524E0E3EA006D9384 /* GGMutipeer.m in Sources */,
				9BC25D6D24E0DE83006D9384 /* AppDelegate.m in Sources */,
				9BC25D7E24E0DE83006D9384 /* main.m in Sources */,
				9BC25D7024E0DE83006D9384 /* SceneDelegate.m in Sources */,
			);
			runOnlyForDeploymentPostprocessing = 0;
		};
/* End PBXSourcesBuildPhase section */

/* Begin PBXVariantGroup section */
		9BC25D7424E0DE83006D9384 /* Main.storyboard */ = {
			isa = PBXVariantGroup;
			children = (
				9BC25D7524E0DE83006D9384 /* Base */,
			);
			name = Main.storyboard;
			sourceTree = "<group>";
		};
		9BC25D7924E0DE83006D9384 /* LaunchScreen.storyboard */ = {
			isa = PBXVariantGroup;
			children = (
				9BC25D7A24E0DE83006D9384 /* Base */,
			);
			name = LaunchScreen.storyboard;
			sourceTree = "<group>";
		};
/* End PBXVariantGroup section */

/* Begin XCBuildConfiguration section */
		9BC25D7F24E0DE83006D9384 /* Debug */ = {
			isa = XCBuildConfiguration;
			buildSettings = {
				ALWAYS_SEARCH_USER_PATHS = NO;
				CLANG_ANALYZER_NONNULL = YES;
				CLANG_ANALYZER_NUMBER_OBJECT_CONVERSION = YES_AGGRESSIVE;
				CLANG_CXX_LANGUAGE_STANDARD = "gnu++14";
				CLANG_CXX_LIBRARY = "libc++";
				CLANG_ENABLE_MODULES = YES;
				CLANG_ENABLE_OBJC_ARC = YES;
				CLANG_ENABLE_OBJC_WEAK = YES;
				CLANG_WARN_BLOCK_CAPTURE_AUTORELEASING = YES;
				CLANG_WARN_BOOL_CONVERSION = YES;
				CLANG_WARN_COMMA = YES;
				CLANG_WARN_CONSTANT_CONVERSION = YES;
				CLANG_WARN_DEPRECATED_OBJC_IMPLEMENTATIONS = YES;
				CLANG_WARN_DIRECT_OBJC_ISA_USAGE = YES_ERROR;
				CLANG_WARN_DOCUMENTATION_COMMENTS = YES;
				CLANG_WARN_EMPTY_BODY = YES;
				CLANG_WARN_ENUM_CONVERSION = YES;
				CLANG_WARN_INFINITE_RECURSION = YES;
				CLANG_WARN_INT_CONVERSION = YES;
				CLANG_WARN_NON_LITERAL_NULL_CONVERSION = YES;
				CLANG_WARN_OBJC_IMPLICIT_RETAIN_SELF = YES;
				CLANG_WARN_OBJC_LITERAL_CONVERSION = YES;
				CLANG_WARN_OBJC_ROOT_CLASS = YES_ERROR;
				CLANG_WARN_RANGE_LOOP_ANALYSIS = YES;
				CLANG_WARN_STRICT_PROTOTYPES = YES;
				CLANG_WARN_SUSPICIOUS_MOVE = YES;
				CLANG_WARN_UNGUARDED_AVAILABILITY = YES_AGGRESSIVE;
				CLANG_WARN_UNREACHABLE_CODE = YES;
				CLANG_WARN__DUPLICATE_METHOD_MATCH = YES;
				COPY_PHASE_STRIP = NO;
				DEBUG_INFORMATION_FORMAT = dwarf;
				ENABLE_STRICT_OBJC_MSGSEND = YES;
				ENABLE_TESTABILITY = YES;
				GCC_C_LANGUAGE_STANDARD = gnu11;
				GCC_DYNAMIC_NO_PIC = NO;
				GCC_NO_COMMON_BLOCKS = YES;
				GCC_OPTIMIZATION_LEVEL = 0;
				GCC_PREPROCESSOR_DEFINITIONS = (
					"DEBUG=1",
					"$(inherited)",
				);
				GCC_WARN_64_TO_32_BIT_CONVERSION = YES;
				GCC_WARN_ABOUT_RETURN_TYPE = YES_ERROR;
				GCC_WARN_UNDECLARED_SELECTOR = YES;
				GCC_WARN_UNINITIALIZED_AUTOS = YES_AGGRESSIVE;
				GCC_WARN_UNUSED_FUNCTION = YES;
				GCC_WARN_UNUSED_VARIABLE = YES;
				IPHONEOS_DEPLOYMENT_TARGET = 13.4;
				MTL_ENABLE_DEBUG_INFO = INCLUDE_SOURCE;
				MTL_FAST_MATH = YES;
				ONLY_ACTIVE_ARCH = YES;
				SDKROOT = iphoneos;
			};
			name = Debug;
		};
		9BC25D8024E0DE83006D9384 /* Release */ = {
			isa = XCBuildConfiguration;
			buildSettings = {
				ALWAYS_SEARCH_USER_PATHS = NO;
				CLANG_ANALYZER_NONNULL = YES;
				CLANG_ANALYZER_NUMBER_OBJECT_CONVERSION = YES_AGGRESSIVE;
				CLANG_CXX_LANGUAGE_STANDARD = "gnu++14";
				CLANG_CXX_LIBRARY = "libc++";
				CLANG_ENABLE_MODULES = YES;
				CLANG_ENABLE_OBJC_ARC = YES;
				CLANG_ENABLE_OBJC_WEAK = YES;
				CLANG_WARN_BLOCK_CAPTURE_AUTORELEASING = YES;
				CLANG_WARN_BOOL_CONVERSION = YES;
				CLANG_WARN_COMMA = YES;
				CLANG_WARN_CONSTANT_CONVERSION = YES;
				CLANG_WARN_DEPRECATED_OBJC_IMPLEMENTATIONS = YES;
				CLANG_WARN_DIRECT_OBJC_ISA_USAGE = YES_ERROR;
				CLANG_WARN_DOCUMENTATION_COMMENTS = YES;
				CLANG_WARN_EMPTY_BODY = YES;
				CLANG_WARN_ENUM_CONVERSION = YES;
				CLANG_WARN_INFINITE_RECURSION = YES;
				CLANG_WARN_INT_CONVERSION = YES;
				CLANG_WARN_NON_LITERAL_NULL_CONVERSION = YES;
				CLANG_WARN_OBJC_IMPLICIT_RETAIN_SELF = YES;
				CLANG_WARN_OBJC_LITERAL_CONVERSION = YES;
				CLANG_WARN_OBJC_ROOT_CLASS = YES_ERROR;
				CLANG_WARN_RANGE_LOOP_ANALYSIS = YES;
				CLANG_WARN_STRICT_PROTOTYPES = YES;
				CLANG_WARN_SUSPICIOUS_MOVE = YES;
				CLANG_WARN_UNGUARDED_AVAILABILITY = YES_AGGRESSIVE;
				CLANG_WARN_UNREACHABLE_CODE = YES;
				CLANG_WARN__DUPLICATE_METHOD_MATCH = YES;
				COPY_PHASE_STRIP = NO;
				DEBUG_INFORMATION_FORMAT = "dwarf-with-dsym";
				ENABLE_NS_ASSERTIONS = NO;
				ENABLE_STRICT_OBJC_MSGSEND = YES;
				GCC_C_LANGUAGE_STANDARD = gnu11;
				GCC_NO_COMMON_BLOCKS = YES;
				GCC_WARN_64_TO_32_BIT_CONVERSION = YES;
				GCC_WARN_ABOUT_RETURN_TYPE = YES_ERROR;
				GCC_WARN_UNDECLARED_SELECTOR = YES;
				GCC_WARN_UNINITIALIZED_AUTOS = YES_AGGRESSIVE;
				GCC_WARN_UNUSED_FUNCTION = YES;
				GCC_WARN_UNUSED_VARIABLE = YES;
				IPHONEOS_DEPLOYMENT_TARGET = 13.4;
				MTL_ENABLE_DEBUG_INFO = NO;
				MTL_FAST_MATH = YES;
				SDKROOT = iphoneos;
				VALIDATE_PRODUCT = YES;
			};
			name = Release;
		};
		9BC25D8224E0DE83006D9384 /* Debug */ = {
			isa = XCBuildConfiguration;
			buildSettings = {
				ASSETCATALOG_COMPILER_APPICON_NAME = AppIcon;
				CODE_SIGN_STYLE = Automatic;
				DEVELOPMENT_TEAM = SM6PJ59GA7;
				INFOPLIST_FILE = GGMutipeerKitDemo/Info.plist;
				LD_RUNPATH_SEARCH_PATHS = (
					"$(inherited)",
					"@executable_path/Frameworks",
				);
				PRODUCT_BUNDLE_IDENTIFIER = com.marsung.GGMutipeerKitDemo;
				PRODUCT_NAME = "$(TARGET_NAME)";
				TARGETED_DEVICE_FAMILY = "1,2";
			};
			name = Debug;
		};
		9BC25D8324E0DE83006D9384 /* Release */ = {
			isa = XCBuildConfiguration;
			buildSettings = {
				ASSETCATALOG_COMPILER_APPICON_NAME = AppIcon;
				CODE_SIGN_STYLE = Automatic;
				DEVELOPMENT_TEAM = SM6PJ59GA7;
				INFOPLIST_FILE = GGMutipeerKitDemo/Info.plist;
				LD_RUNPATH_SEARCH_PATHS = (
					"$(inherited)",
					"@executable_path/Frameworks",
				);
				PRODUCT_BUNDLE_IDENTIFIER = com.marsung.GGMutipeerKitDemo;
				PRODUCT_NAME = "$(TARGET_NAME)";
				TARGETED_DEVICE_FAMILY = "1,2";
			};
			name = Release;
		};
/* End XCBuildConfiguration section */

/* Begin XCConfigurationList section */
		9BC25D6324E0DE83006D9384 /* Build configuration list for PBXProject "GGMutipeerKitDemo" */ = {
			isa = XCConfigurationList;
			buildConfigurations = (
				9BC25D7F24E0DE83006D9384 /* Debug */,
				9BC25D8024E0DE83006D9384 /* Release */,
			);
			defaultConfigurationIsVisible = 0;
			defaultConfigurationName = Release;
		};
		9BC25D8124E0DE83006D9384 /* Build configuration list for PBXNativeTarget "GGMutipeerKitDemo" */ = {
			isa = XCConfigurationList;
			buildConfigurations = (
				9BC25D8224E0DE83006D9384 /* Debug */,
				9BC25D8324E0DE83006D9384 /* Release */,
			);
			defaultConfigurationIsVisible = 0;
			defaultConfigurationName = Release;
		};
/* End XCConfigurationList section */
	};
	rootObject = 9BC25D6024E0DE83006D9384 /* Project object */;
}
